<?xml version="1.0" encoding="utf-8"?>
<Project ToolsVersion="4.0" xmlns="http://schemas.microsoft.com/developer/msbuild/2003">
  <ItemGroup>
    <Filter Include="win32">
      <UniqueIdentifier>{84a8ebd7-7cf0-47f6-b75e-d441df67da40}</UniqueIdentifier>
    </Filter>
    <Filter Include="resource">
      <UniqueIdentifier>{715254bc-d70b-4ec5-bf29-467dd3ace079}</UniqueIdentifier>
    </Filter>
    <Filter Include="src">
      <UniqueIdentifier>{bb6c862e-70e9-49d9-81b7-3829a6f50471}</UniqueIdentifier>
    </Filter>
    <Filter Include="src\Scene">
      <UniqueIdentifier>{7e63a692-c203-4e4b-b429-0e8c9ccbf8c2}</UniqueIdentifier>
    </Filter>
    <Filter Include="src\Manager">
      <UniqueIdentifier>{af09ca2b-26a6-4c30-bdec-38b77ba69ab9}</UniqueIdentifier>
    </Filter>
    <Filter Include="src\Controller">
      <UniqueIdentifier>{dd7e3ffd-c304-43cc-aed0-56b920d9ac06}</UniqueIdentifier>
    </Filter>
    <Filter Include="src\Entity">
      <UniqueIdentifier>{e706ed5a-72ed-407a-85d3-c8c43b5a1bd0}</UniqueIdentifier>
    </Filter>
    <Filter Include="src\Entity\Building">
      <UniqueIdentifier>{c244e233-d1e9-4bb6-afa3-3c25c556ae93}</UniqueIdentifier>
    </Filter>
    <Filter Include="src\Scene\GameScene">
      <UniqueIdentifier>{0164217a-bb52-4743-a865-52ff916f56ad}</UniqueIdentifier>
    </Filter>
    <Filter Include="src\Entity\Resources">
      <UniqueIdentifier>{33c82985-0756-41cd-bd49-d6fe593f2418}</UniqueIdentifier>
    </Filter>
    <Filter Include="src\Entity\Soldier">
      <UniqueIdentifier>{8fbb6231-f574-4a44-9f67-d3859411471d}</UniqueIdentifier>
    </Filter>
  </ItemGroup>
  <ItemGroup>
    <ClCompile Include="main.cpp">
      <Filter>win32</Filter>
    </ClCompile>
    <ClCompile Include="..\Classes\AppDelegate.cpp">
      <Filter>src</Filter>
    </ClCompile>
    <ClCompile Include="..\Classes\Scene\MenuScene.cpp">
      <Filter>src\Scene</Filter>
    </ClCompile>
    <ClCompile Include="..\Classes\Scene\SettingScene.cpp">
      <Filter>src\Scene</Filter>
    </ClCompile>
    <ClCompile Include="..\Classes\Manager\MapManager.cpp">
      <Filter>src\Manager</Filter>
    </ClCompile>
    <ClCompile Include="..\Classes\Entity\Entity.cpp">
      <Filter>src\Entity</Filter>
    </ClCompile>
    <ClCompile Include="..\Classes\Entity\Building\Base.cpp">
      <Filter>src\Entity\Building</Filter>
    </ClCompile>
    <ClCompile Include="..\Classes\Entity\Building\PowerStation.cpp">
      <Filter>src\Entity\Building</Filter>
    </ClCompile>
    <ClCompile Include="..\Classes\Scene\GameScene\GameScene.cpp">
      <Filter>src\Scene\GameScene</Filter>
    </ClCompile>
    <ClCompile Include="..\Classes\Scene\GameScene\MenuLayer.cpp">
      <Filter>src\Scene\GameScene</Filter>
    </ClCompile>
    <ClCompile Include="..\Classes\Resource\Mineral.cpp">
      <Filter>src\Entity\Resources</Filter>
    </ClCompile>
    <ClCompile Include="..\Classes\Resource\Power.cpp">
      <Filter>src\Entity\Resources</Filter>
    </ClCompile>
    <ClCompile Include="..\Classes\Entity\Building\Building.cpp">
      <Filter>src\Entity\Building</Filter>
    </ClCompile>
    <ClCompile Include="..\Classes\Manager\BuildingManager.cpp">
      <Filter>src\Manager</Filter>
    </ClCompile>
    <ClCompile Include="..\Classes\Entity\Building\Barrack.cpp">
      <Filter>src\Entity\Building</Filter>
    </ClCompile>
    <ClCompile Include="..\Classes\Entity\Soldier\Soldier.cpp">
      <Filter>src\Entity\Soldier</Filter>
    </ClCompile>
    <ClCompile Include="..\Classes\Entity\Building\Mine.cpp">
      <Filter>src\Entity\Building</Filter>
    </ClCompile>
    <ClCompile Include="..\Classes\Entity\Soldier\Infantry.cpp">
      <Filter>src\Entity\Soldier</Filter>
    </ClCompile>
    <ClCompile Include="..\Classes\Entity\Soldier\Dog.cpp">
      <Filter>src\Entity\Soldier</Filter>
    </ClCompile>
    <ClCompile Include="..\Classes\Entity\Soldier\Tank.cpp">
      <Filter>src\Entity\Soldier</Filter>
    </ClCompile>
    <ClCompile Include="..\Classes\Manager\SoldierManager.cpp">
      <Filter>src\Manager</Filter>
    </ClCompile>
  </ItemGroup>
  <ItemGroup>
    <ClInclude Include="main.h">
      <Filter>win32</Filter>
    </ClInclude>
    <ClInclude Include="..\Classes\AppDelegate.h">
      <Filter>src</Filter>
    </ClInclude>
    <ClInclude Include="..\Classes\Scene\MenuScene.h">
      <Filter>src\Scene</Filter>
    </ClInclude>
    <ClInclude Include="..\Classes\Scene\SettingScene.h">
      <Filter>src\Scene</Filter>
    </ClInclude>
    <ClInclude Include="..\Classes\Manager\MapManager.h">
      <Filter>src\Manager</Filter>
    </ClInclude>
    <ClInclude Include="..\Classes\Entity\Entity.h">
      <Filter>src\Entity</Filter>
    </ClInclude>
    <ClInclude Include="..\Classes\Entity\Building\Base.h">
      <Filter>src\Entity\Building</Filter>
    </ClInclude>
    <ClInclude Include="..\Classes\Entity\Building\PowerStation.h">
      <Filter>src\Entity\Building</Filter>
    </ClInclude>
    <ClInclude Include="..\Classes\Scene\GameScene\GameScene.h">
      <Filter>src\Scene\GameScene</Filter>
    </ClInclude>
    <ClInclude Include="..\Classes\Scene\GameScene\MenuLayer.h">
      <Filter>src\Scene\GameScene</Filter>
    </ClInclude>
    <ClInclude Include="..\Classes\Resource\Power.h">
      <Filter>src\Entity\Resources</Filter>
    </ClInclude>
    <ClInclude Include="..\Classes\Resource\Mineral.h">
      <Filter>src\Entity\Resources</Filter>
    </ClInclude>
    <ClInclude Include="..\Classes\Entity\Building\Building.h">
      <Filter>src\Entity\Building</Filter>
    </ClInclude>
    <ClInclude Include="..\Classes\Manager\BuildingManager.h">
      <Filter>src\Manager</Filter>
    </ClInclude>
    <ClInclude Include="..\Classes\Entity\Building\Barrack.h">
      <Filter>src\Entity\Building</Filter>
    </ClInclude>
    <ClInclude Include="..\Classes\Entity\Soldier\Soldier.h">
      <Filter>src\Entity\Soldier</Filter>
    </ClInclude>
    <ClInclude Include="..\Classes\Entity\Building\Mine.h">
      <Filter>src\Entity\Building</Filter>
    </ClInclude>
    <ClInclude Include="..\Classes\Entity\Soldier\Infantry.h">
      <Filter>src\Entity\Soldier</Filter>
    </ClInclude>
    <ClInclude Include="..\Classes\Entity\Soldier\Dog.h">
      <Filter>src\Entity\Soldier</Filter>
    </ClInclude>
    <ClInclude Include="..\Classes\Entity\Soldier\Tank.h">
      <Filter>src\Entity\Soldier</Filter>
    </ClInclude>
    <ClInclude Include="..\Classes\Manager\SoldierManager.h">
      <Filter>src\Manager</Filter>
    </ClInclude>
  </ItemGroup>
  <ItemGroup>
    <ResourceCompile Include="game.rc">
      <Filter>resource</Filter>
    </ResourceCompile>
  </ItemGroup>
</Project>